// !$*UTF8*$!
{
	archiveVersion = 1;
	classes = {
	};
	objectVersion = 55;
	objects = {

/* Begin PBXBuildFile section */
		2D1B38C42A3ED41900C23BF1 /* Helper.swift in Sources */ = {isa = PBXBuildFile; fileRef = 2D1B38C32A3ED41900C23BF1 /* Helper.swift */; };
		2D1DCEFF2A604346004EF4D5 /* LoginViewController.swift in Sources */ = {isa = PBXBuildFile; fileRef = 2D1DCEFE2A604346004EF4D5 /* LoginViewController.swift */; };
		2D3D8D972A74EC94002C27F0 /* Main.storyboard in Resources */ = {isa = PBXBuildFile; fileRef = 2DB787A829828F5700C29D40 /* Main.storyboard */; };
		2D9701572A6030B90051702E /* Color.swift in Sources */ = {isa = PBXBuildFile; fileRef = 2D9701562A6030B90051702E /* Color.swift */; };
		2D9701602A6031EC0051702E /* IntroduceViewController.swift in Sources */ = {isa = PBXBuildFile; fileRef = 2D97015F2A6031EC0051702E /* IntroduceViewController.swift */; };
		2D97CFD52A780BB400217A8C /* JGProgressHUD in Frameworks */ = {isa = PBXBuildFile; productRef = 2D97CFD42A780BB400217A8C /* JGProgressHUD */; };
		2D97CFD92A7810A600217A8C /* GoogleSignIn in Frameworks */ = {isa = PBXBuildFile; productRef = 2D97CFD82A7810A600217A8C /* GoogleSignIn */; };
		2D97CFDB2A7810A600217A8C /* GoogleSignInSwift in Frameworks */ = {isa = PBXBuildFile; productRef = 2D97CFDA2A7810A600217A8C /* GoogleSignInSwift */; };
		2D97CFDE2A7946DA00217A8C /* MainViewController.swift in Sources */ = {isa = PBXBuildFile; fileRef = 2D97CFDD2A7946DA00217A8C /* MainViewController.swift */; };
		2D97CFE12A794A2800217A8C /* NKVPhonePicker in Frameworks */ = {isa = PBXBuildFile; productRef = 2D97CFE02A794A2800217A8C /* NKVPhonePicker */; };
		2D97CFE42A794C7F00217A8C /* CountryPicker in Frameworks */ = {isa = PBXBuildFile; productRef = 2D97CFE32A794C7F00217A8C /* CountryPicker */; };
		2DA389452A74E8D2001B3A64 /* GlobalConstant.swift in Sources */ = {isa = PBXBuildFile; fileRef = 2DA389442A74E8D2001B3A64 /* GlobalConstant.swift */; };
		2DA389472A74E922001B3A64 /* Utilities.swift in Sources */ = {isa = PBXBuildFile; fileRef = 2DA389462A74E922001B3A64 /* Utilities.swift */; };
		2DB787A329828F5700C29D40 /* AppDelegate.swift in Sources */ = {isa = PBXBuildFile; fileRef = 2DB787A229828F5700C29D40 /* AppDelegate.swift */; };
		2DB787A529828F5700C29D40 /* SceneDelegate.swift in Sources */ = {isa = PBXBuildFile; fileRef = 2DB787A429828F5700C29D40 /* SceneDelegate.swift */; };
		2DB787A729828F5700C29D40 /* ViewController.swift in Sources */ = {isa = PBXBuildFile; fileRef = 2DB787A629828F5700C29D40 /* ViewController.swift */; };
		2DB787BA29828F5900C29D40 /* GetColorTests.swift in Sources */ = {isa = PBXBuildFile; fileRef = 2DB787B929828F5900C29D40 /* GetColorTests.swift */; };
		2DB787C429828F5900C29D40 /* GetColorUITests.swift in Sources */ = {isa = PBXBuildFile; fileRef = 2DB787C329828F5900C29D40 /* GetColorUITests.swift */; };
		2DB787C629828F5900C29D40 /* GetColorUITestsLaunchTests.swift in Sources */ = {isa = PBXBuildFile; fileRef = 2DB787C529828F5900C29D40 /* GetColorUITestsLaunchTests.swift */; };
		2DB787D32983A85500C29D40 /* GraphView.swift in Sources */ = {isa = PBXBuildFile; fileRef = 2DB787D22983A85500C29D40 /* GraphView.swift */; };
		2DE667502A74F8A3005E1AB5 /* GoogleService-Info.plist in Resources */ = {isa = PBXBuildFile; fileRef = 2DE6674F2A74F8A3005E1AB5 /* GoogleService-Info.plist */; };
		2DE667532A74F970005E1AB5 /* FirebaseAnalytics in Frameworks */ = {isa = PBXBuildFile; productRef = 2DE667522A74F970005E1AB5 /* FirebaseAnalytics */; };
		2DE667552A74F970005E1AB5 /* FirebaseAuth in Frameworks */ = {isa = PBXBuildFile; productRef = 2DE667542A74F970005E1AB5 /* FirebaseAuth */; };
		2DE667572A74F970005E1AB5 /* FirebaseCrashlytics in Frameworks */ = {isa = PBXBuildFile; productRef = 2DE667562A74F970005E1AB5 /* FirebaseCrashlytics */; };
		2DE667592A74F970005E1AB5 /* FirebaseStorage in Frameworks */ = {isa = PBXBuildFile; productRef = 2DE667582A74F970005E1AB5 /* FirebaseStorage */; };
		2DE6675B2A74FA9C005E1AB5 /* VerifyPhoneNumberViewController.swift in Sources */ = {isa = PBXBuildFile; fileRef = 2DE6675A2A74FA9C005E1AB5 /* VerifyPhoneNumberViewController.swift */; };
		2DE6675E2A74FB30005E1AB5 /* VerifyCodeTextField.swift in Sources */ = {isa = PBXBuildFile; fileRef = 2DE6675D2A74FB30005E1AB5 /* VerifyCodeTextField.swift */; };
		2DFD2B5A2A76A32A000DDF02 /* PhoneNumberKit in Frameworks */ = {isa = PBXBuildFile; productRef = 2DFD2B592A76A32A000DDF02 /* PhoneNumberKit */; };
		2DFD2B5B2A77ED7F000DDF02 /* Assets.xcassets in Resources */ = {isa = PBXBuildFile; fileRef = 2DB787AB29828F5900C29D40 /* Assets.xcassets */; };
		2DFD2B5F2A77F235000DDF02 /* Extensions.swift in Sources */ = {isa = PBXBuildFile; fileRef = 2DFD2B5E2A77F235000DDF02 /* Extensions.swift */; };
/* End PBXBuildFile section */

/* Begin PBXContainerItemProxy section */
		2DB787B629828F5900C29D40 /* PBXContainerItemProxy */ = {
			isa = PBXContainerItemProxy;
			containerPortal = 2DB7879729828F5700C29D40 /* Project object */;
			proxyType = 1;
			remoteGlobalIDString = 2DB7879E29828F5700C29D40;
			remoteInfo = GetColor;
		};
		2DB787C029828F5900C29D40 /* PBXContainerItemProxy */ = {
			isa = PBXContainerItemProxy;
			containerPortal = 2DB7879729828F5700C29D40 /* Project object */;
			proxyType = 1;
			remoteGlobalIDString = 2DB7879E29828F5700C29D40;
			remoteInfo = GetColor;
		};
/* End PBXContainerItemProxy section */

/* Begin PBXFileReference section */
		2D1B38C32A3ED41900C23BF1 /* Helper.swift */ = {isa = PBXFileReference; lastKnownFileType = sourcecode.swift; path = Helper.swift; sourceTree = "<group>"; };
		2D1DCEFE2A604346004EF4D5 /* LoginViewController.swift */ = {isa = PBXFileReference; lastKnownFileType = sourcecode.swift; path = LoginViewController.swift; sourceTree = "<group>"; };
		2D9701562A6030B90051702E /* Color.swift */ = {isa = PBXFileReference; lastKnownFileType = sourcecode.swift; path = Color.swift; sourceTree = "<group>"; };
		2D97015F2A6031EC0051702E /* IntroduceViewController.swift */ = {isa = PBXFileReference; lastKnownFileType = sourcecode.swift; path = IntroduceViewController.swift; sourceTree = "<group>"; };
		2D97CFD62A780F8000217A8C /* GetColorDebug.entitlements */ = {isa = PBXFileReference; lastKnownFileType = text.plist.entitlements; path = GetColorDebug.entitlements; sourceTree = "<group>"; };
		2D97CFDD2A7946DA00217A8C /* MainViewController.swift */ = {isa = PBXFileReference; lastKnownFileType = sourcecode.swift; path = MainViewController.swift; sourceTree = "<group>"; };
		2DA389442A74E8D2001B3A64 /* GlobalConstant.swift */ = {isa = PBXFileReference; lastKnownFileType = sourcecode.swift; path = GlobalConstant.swift; sourceTree = "<group>"; };
		2DA389462A74E922001B3A64 /* Utilities.swift */ = {isa = PBXFileReference; lastKnownFileType = sourcecode.swift; path = Utilities.swift; sourceTree = "<group>"; };
		2DB7879F29828F5700C29D40 /* GetColor.app */ = {isa = PBXFileReference; explicitFileType = wrapper.application; includeInIndex = 0; path = GetColor.app; sourceTree = BUILT_PRODUCTS_DIR; };
		2DB787A229828F5700C29D40 /* AppDelegate.swift */ = {isa = PBXFileReference; lastKnownFileType = sourcecode.swift; path = AppDelegate.swift; sourceTree = "<group>"; };
		2DB787A429828F5700C29D40 /* SceneDelegate.swift */ = {isa = PBXFileReference; lastKnownFileType = sourcecode.swift; path = SceneDelegate.swift; sourceTree = "<group>"; };
		2DB787A629828F5700C29D40 /* ViewController.swift */ = {isa = PBXFileReference; lastKnownFileType = sourcecode.swift; path = ViewController.swift; sourceTree = "<group>"; };
		2DB787A929828F5700C29D40 /* Base */ = {isa = PBXFileReference; lastKnownFileType = file.storyboard; name = Base; path = Base.lproj/Main.storyboard; sourceTree = "<group>"; };
		2DB787AB29828F5900C29D40 /* Assets.xcassets */ = {isa = PBXFileReference; lastKnownFileType = folder.assetcatalog; path = Assets.xcassets; sourceTree = "<group>"; };
		2DB787AE29828F5900C29D40 /* Base */ = {isa = PBXFileReference; lastKnownFileType = file.storyboard; name = Base; path = Base.lproj/LaunchScreen.storyboard; sourceTree = "<group>"; };
		2DB787B029828F5900C29D40 /* Info.plist */ = {isa = PBXFileReference; lastKnownFileType = text.plist.xml; path = Info.plist; sourceTree = "<group>"; };
		2DB787B529828F5900C29D40 /* GetColorTests.xctest */ = {isa = PBXFileReference; explicitFileType = wrapper.cfbundle; includeInIndex = 0; path = GetColorTests.xctest; sourceTree = BUILT_PRODUCTS_DIR; };
		2DB787B929828F5900C29D40 /* GetColorTests.swift */ = {isa = PBXFileReference; lastKnownFileType = sourcecode.swift; path = GetColorTests.swift; sourceTree = "<group>"; };
		2DB787BF29828F5900C29D40 /* GetColorUITests.xctest */ = {isa = PBXFileReference; explicitFileType = wrapper.cfbundle; includeInIndex = 0; path = GetColorUITests.xctest; sourceTree = BUILT_PRODUCTS_DIR; };
		2DB787C329828F5900C29D40 /* GetColorUITests.swift */ = {isa = PBXFileReference; lastKnownFileType = sourcecode.swift; path = GetColorUITests.swift; sourceTree = "<group>"; };
		2DB787C529828F5900C29D40 /* GetColorUITestsLaunchTests.swift */ = {isa = PBXFileReference; lastKnownFileType = sourcecode.swift; path = GetColorUITestsLaunchTests.swift; sourceTree = "<group>"; };
		2DB787D22983A85500C29D40 /* GraphView.swift */ = {isa = PBXFileReference; lastKnownFileType = sourcecode.swift; path = GraphView.swift; sourceTree = "<group>"; };
		2DE6674F2A74F8A3005E1AB5 /* GoogleService-Info.plist */ = {isa = PBXFileReference; fileEncoding = 4; lastKnownFileType = text.plist.xml; path = "GoogleService-Info.plist"; sourceTree = "<group>"; };
		2DE6675A2A74FA9C005E1AB5 /* VerifyPhoneNumberViewController.swift */ = {isa = PBXFileReference; lastKnownFileType = sourcecode.swift; path = VerifyPhoneNumberViewController.swift; sourceTree = "<group>"; };
		2DE6675D2A74FB30005E1AB5 /* VerifyCodeTextField.swift */ = {isa = PBXFileReference; lastKnownFileType = sourcecode.swift; path = VerifyCodeTextField.swift; sourceTree = "<group>"; };
		2DFD2B5E2A77F235000DDF02 /* Extensions.swift */ = {isa = PBXFileReference; lastKnownFileType = sourcecode.swift; path = Extensions.swift; sourceTree = "<group>"; };
/* End PBXFileReference section */

/* Begin PBXFrameworksBuildPhase section */
		2DB7879C29828F5700C29D40 /* Frameworks */ = {
			isa = PBXFrameworksBuildPhase;
			buildActionMask = 2147483647;
			files = (
				2DE667532A74F970005E1AB5 /* FirebaseAnalytics in Frameworks */,
				2D97CFE12A794A2800217A8C /* NKVPhonePicker in Frameworks */,
				2DE667572A74F970005E1AB5 /* FirebaseCrashlytics in Frameworks */,
				2DE667552A74F970005E1AB5 /* FirebaseAuth in Frameworks */,
				2D97CFDB2A7810A600217A8C /* GoogleSignInSwift in Frameworks */,
				2D97CFE42A794C7F00217A8C /* CountryPicker in Frameworks */,
				2DFD2B5A2A76A32A000DDF02 /* PhoneNumberKit in Frameworks */,
				2D97CFD52A780BB400217A8C /* JGProgressHUD in Frameworks */,
				2DE667592A74F970005E1AB5 /* FirebaseStorage in Frameworks */,
				2D97CFD92A7810A600217A8C /* GoogleSignIn in Frameworks */,
			);
			runOnlyForDeploymentPostprocessing = 0;
		};
		2DB787B229828F5900C29D40 /* Frameworks */ = {
			isa = PBXFrameworksBuildPhase;
			buildActionMask = 2147483647;
			files = (
			);
			runOnlyForDeploymentPostprocessing = 0;
		};
		2DB787BC29828F5900C29D40 /* Frameworks */ = {
			isa = PBXFrameworksBuildPhase;
			buildActionMask = 2147483647;
			files = (
			);
			runOnlyForDeploymentPostprocessing = 0;
		};
/* End PBXFrameworksBuildPhase section */

/* Begin PBXGroup section */
		1BA3DB81654AA24CB4E540BB /* Pods */ = {
			isa = PBXGroup;
			children = (
			);
			path = Pods;
			sourceTree = "<group>";
		};
		2D9701552A6030900051702E /* Utility */ = {
			isa = PBXGroup;
			children = (
				2D1B38C32A3ED41900C23BF1 /* Helper.swift */,
				2D9701562A6030B90051702E /* Color.swift */,
				2DA389442A74E8D2001B3A64 /* GlobalConstant.swift */,
				2DA389462A74E922001B3A64 /* Utilities.swift */,
				2DFD2B5E2A77F235000DDF02 /* Extensions.swift */,
			);
			path = Utility;
			sourceTree = "<group>";
		};
		2D9701582A6031410051702E /* Controller */ = {
			isa = PBXGroup;
			children = (
				2D97CFDC2A7946BB00217A8C /* MainViewController */,
				2D97015C2A6031910051702E /* IntroduceViewController */,
				2DB787A629828F5700C29D40 /* ViewController.swift */,
			);
			path = Controller;
			sourceTree = "<group>";
		};
		2D9701592A60314D0051702E /* Delegate */ = {
			isa = PBXGroup;
			children = (
				2DB787A229828F5700C29D40 /* AppDelegate.swift */,
				2DB787A429828F5700C29D40 /* SceneDelegate.swift */,
			);
			path = Delegate;
			sourceTree = "<group>";
		};
		2D97015A2A60315C0051702E /* View */ = {
			isa = PBXGroup;
			children = (
				2DB787D22983A85500C29D40 /* GraphView.swift */,
			);
			path = View;
			sourceTree = "<group>";
		};
		2D97015C2A6031910051702E /* IntroduceViewController */ = {
			isa = PBXGroup;
			children = (
				2D97015F2A6031EC0051702E /* IntroduceViewController.swift */,
				2D1DCEFE2A604346004EF4D5 /* LoginViewController.swift */,
				2DE6675A2A74FA9C005E1AB5 /* VerifyPhoneNumberViewController.swift */,
			);
			path = IntroduceViewController;
			sourceTree = "<group>";
		};
		2D97CFDC2A7946BB00217A8C /* MainViewController */ = {
			isa = PBXGroup;
			children = (
				2D97CFDD2A7946DA00217A8C /* MainViewController.swift */,
			);
			path = MainViewController;
			sourceTree = "<group>";
		};
		2DB7879629828F5700C29D40 = {
			isa = PBXGroup;
			children = (
				2DB787A129828F5700C29D40 /* GetColor */,
				2DB787B829828F5900C29D40 /* GetColorTests */,
				2DB787C229828F5900C29D40 /* GetColorUITests */,
				2DB787A029828F5700C29D40 /* Products */,
				1BA3DB81654AA24CB4E540BB /* Pods */,
			);
			sourceTree = "<group>";
		};
		2DB787A029828F5700C29D40 /* Products */ = {
			isa = PBXGroup;
			children = (
				2DB7879F29828F5700C29D40 /* GetColor.app */,
				2DB787B529828F5900C29D40 /* GetColorTests.xctest */,
				2DB787BF29828F5900C29D40 /* GetColorUITests.xctest */,
			);
			name = Products;
			sourceTree = "<group>";
		};
		2DB787A129828F5700C29D40 /* GetColor */ = {
			isa = PBXGroup;
			children = (
				2D97CFD62A780F8000217A8C /* GetColorDebug.entitlements */,
				2DE6675C2A74FB16005E1AB5 /* Components */,
				2D97015A2A60315C0051702E /* View */,
				2D9701592A60314D0051702E /* Delegate */,
				2D9701582A6031410051702E /* Controller */,
				2D9701552A6030900051702E /* Utility */,
				2DB787A829828F5700C29D40 /* Main.storyboard */,
				2DB787AB29828F5900C29D40 /* Assets.xcassets */,
				2DB787AD29828F5900C29D40 /* LaunchScreen.storyboard */,
				2DE6674F2A74F8A3005E1AB5 /* GoogleService-Info.plist */,
				2DB787B029828F5900C29D40 /* Info.plist */,
			);
			path = GetColor;
			sourceTree = "<group>";
		};
		2DB787B829828F5900C29D40 /* GetColorTests */ = {
			isa = PBXGroup;
			children = (
				2DB787B929828F5900C29D40 /* GetColorTests.swift */,
			);
			path = GetColorTests;
			sourceTree = "<group>";
		};
		2DB787C229828F5900C29D40 /* GetColorUITests */ = {
			isa = PBXGroup;
			children = (
				2DB787C329828F5900C29D40 /* GetColorUITests.swift */,
				2DB787C529828F5900C29D40 /* GetColorUITestsLaunchTests.swift */,
			);
			path = GetColorUITests;
			sourceTree = "<group>";
		};
		2DE6675C2A74FB16005E1AB5 /* Components */ = {
			isa = PBXGroup;
			children = (
				2DE6675D2A74FB30005E1AB5 /* VerifyCodeTextField.swift */,
			);
			path = Components;
			sourceTree = "<group>";
		};
/* End PBXGroup section */

/* Begin PBXNativeTarget section */
		2DB7879E29828F5700C29D40 /* GetColor */ = {
			isa = PBXNativeTarget;
			buildConfigurationList = 2DB787C929828F5900C29D40 /* Build configuration list for PBXNativeTarget "GetColor" */;
			buildPhases = (
				2DB7879B29828F5700C29D40 /* Sources */,
				2DB7879C29828F5700C29D40 /* Frameworks */,
				2D5844442A62920300CFDA8C /* ShellScript */,
				2D3D8D962A74EC8B002C27F0 /* Resources */,
			);
			buildRules = (
			);
			dependencies = (
			);
			name = GetColor;
			packageProductDependencies = (
				2DE667522A74F970005E1AB5 /* FirebaseAnalytics */,
				2DE667542A74F970005E1AB5 /* FirebaseAuth */,
				2DE667562A74F970005E1AB5 /* FirebaseCrashlytics */,
				2DE667582A74F970005E1AB5 /* FirebaseStorage */,
				2DFD2B592A76A32A000DDF02 /* PhoneNumberKit */,
				2D97CFD42A780BB400217A8C /* JGProgressHUD */,
				2D97CFD82A7810A600217A8C /* GoogleSignIn */,
				2D97CFDA2A7810A600217A8C /* GoogleSignInSwift */,
				2D97CFE02A794A2800217A8C /* NKVPhonePicker */,
				2D97CFE32A794C7F00217A8C /* CountryPicker */,
			);
			productName = GetColor;
			productReference = 2DB7879F29828F5700C29D40 /* GetColor.app */;
			productType = "com.apple.product-type.application";
		};
		2DB787B429828F5900C29D40 /* GetColorTests */ = {
			isa = PBXNativeTarget;
			buildConfigurationList = 2DB787CC29828F5900C29D40 /* Build configuration list for PBXNativeTarget "GetColorTests" */;
			buildPhases = (
				2DB787B129828F5900C29D40 /* Sources */,
				2DB787B229828F5900C29D40 /* Frameworks */,
				2DB787B329828F5900C29D40 /* Resources */,
			);
			buildRules = (
			);
			dependencies = (
				2DB787B729828F5900C29D40 /* PBXTargetDependency */,
			);
			name = GetColorTests;
			productName = GetColorTests;
			productReference = 2DB787B529828F5900C29D40 /* GetColorTests.xctest */;
			productType = "com.apple.product-type.bundle.unit-test";
		};
		2DB787BE29828F5900C29D40 /* GetColorUITests */ = {
			isa = PBXNativeTarget;
			buildConfigurationList = 2DB787CF29828F5900C29D40 /* Build configuration list for PBXNativeTarget "GetColorUITests" */;
			buildPhases = (
				2DB787BB29828F5900C29D40 /* Sources */,
				2DB787BC29828F5900C29D40 /* Frameworks */,
				2DB787BD29828F5900C29D40 /* Resources */,
			);
			buildRules = (
			);
			dependencies = (
				2DB787C129828F5900C29D40 /* PBXTargetDependency */,
			);
			name = GetColorUITests;
			productName = GetColorUITests;
			productReference = 2DB787BF29828F5900C29D40 /* GetColorUITests.xctest */;
			productType = "com.apple.product-type.bundle.ui-testing";
		};
/* End PBXNativeTarget section */

/* Begin PBXProject section */
		2DB7879729828F5700C29D40 /* Project object */ = {
			isa = PBXProject;
			attributes = {
				BuildIndependentTargetsInParallel = 1;
				LastSwiftUpdateCheck = 1410;
				LastUpgradeCheck = 1410;
				TargetAttributes = {
					2DB7879E29828F5700C29D40 = {
						CreatedOnToolsVersion = 14.1;
					};
					2DB787B429828F5900C29D40 = {
						CreatedOnToolsVersion = 14.1;
						TestTargetID = 2DB7879E29828F5700C29D40;
					};
					2DB787BE29828F5900C29D40 = {
						CreatedOnToolsVersion = 14.1;
						TestTargetID = 2DB7879E29828F5700C29D40;
					};
				};
			};
			buildConfigurationList = 2DB7879A29828F5700C29D40 /* Build configuration list for PBXProject "GetColor" */;
			compatibilityVersion = "Xcode 13.0";
			developmentRegion = en;
			hasScannedForEncodings = 0;
			knownRegions = (
				en,
				Base,
			);
			mainGroup = 2DB7879629828F5700C29D40;
			packageReferences = (
				2DE667512A74F970005E1AB5 /* XCRemoteSwiftPackageReference "firebase-ios-sdk" */,
				2DFD2B582A76A32A000DDF02 /* XCRemoteSwiftPackageReference "PhoneNumberKit" */,
				2D97CFD32A780BB400217A8C /* XCRemoteSwiftPackageReference "JGProgressHUD" */,
				2D97CFD72A7810A500217A8C /* XCRemoteSwiftPackageReference "GoogleSignIn-iOS" */,
				2D97CFDF2A794A2800217A8C /* XCRemoteSwiftPackageReference "NKVPhonePicker" */,
				2D97CFE22A794C7F00217A8C /* XCRemoteSwiftPackageReference "CountryPicker" */,
			);
			productRefGroup = 2DB787A029828F5700C29D40 /* Products */;
			projectDirPath = "";
			projectRoot = "";
			targets = (
				2DB7879E29828F5700C29D40 /* GetColor */,
				2DB787B429828F5900C29D40 /* GetColorTests */,
				2DB787BE29828F5900C29D40 /* GetColorUITests */,
			);
		};
/* End PBXProject section */

/* Begin PBXResourcesBuildPhase section */
		2D3D8D962A74EC8B002C27F0 /* Resources */ = {
			isa = PBXResourcesBuildPhase;
			buildActionMask = 2147483647;
			files = (
				2D3D8D972A74EC94002C27F0 /* Main.storyboard in Resources */,
				2DFD2B5B2A77ED7F000DDF02 /* Assets.xcassets in Resources */,
				2DE667502A74F8A3005E1AB5 /* GoogleService-Info.plist in Resources */,
			);
			runOnlyForDeploymentPostprocessing = 0;
		};
		2DB787B329828F5900C29D40 /* Resources */ = {
			isa = PBXResourcesBuildPhase;
			buildActionMask = 2147483647;
			files = (
			);
			runOnlyForDeploymentPostprocessing = 0;
		};
		2DB787BD29828F5900C29D40 /* Resources */ = {
			isa = PBXResourcesBuildPhase;
			buildActionMask = 2147483647;
			files = (
			);
			runOnlyForDeploymentPostprocessing = 0;
		};
/* End PBXResourcesBuildPhase section */

/* Begin PBXShellScriptBuildPhase section */
		2D5844442A62920300CFDA8C /* ShellScript */ = {
			isa = PBXShellScriptBuildPhase;
			buildActionMask = 2147483647;
			files = (
			);
			inputFileListPaths = (
			);
			inputPaths = (
			);
			outputFileListPaths = (
			);
			outputPaths = (
			);
			runOnlyForDeploymentPostprocessing = 0;
			shellPath = /bin/sh;
			shellScript = "
";
		};
/* End PBXShellScriptBuildPhase section */

/* Begin PBXSourcesBuildPhase section */
		2DB7879B29828F5700C29D40 /* Sources */ = {
			isa = PBXSourcesBuildPhase;
			buildActionMask = 2147483647;
			files = (
				2DA389452A74E8D2001B3A64 /* GlobalConstant.swift in Sources */,
				2DB787A729828F5700C29D40 /* ViewController.swift in Sources */,
				2DB787A329828F5700C29D40 /* AppDelegate.swift in Sources */,
				2D1B38C42A3ED41900C23BF1 /* Helper.swift in Sources */,
				2D9701602A6031EC0051702E /* IntroduceViewController.swift in Sources */,
				2D1DCEFF2A604346004EF4D5 /* LoginViewController.swift in Sources */,
				2DE6675E2A74FB30005E1AB5 /* VerifyCodeTextField.swift in Sources */,
				2D97CFDE2A7946DA00217A8C /* MainViewController.swift in Sources */,
				2DB787A529828F5700C29D40 /* SceneDelegate.swift in Sources */,
				2DB787D32983A85500C29D40 /* GraphView.swift in Sources */,
				2DA389472A74E922001B3A64 /* Utilities.swift in Sources */,
				2DE6675B2A74FA9C005E1AB5 /* VerifyPhoneNumberViewController.swift in Sources */,
				2D9701572A6030B90051702E /* Color.swift in Sources */,
				2DFD2B5F2A77F235000DDF02 /* Extensions.swift in Sources */,
			);
			runOnlyForDeploymentPostprocessing = 0;
		};
		2DB787B129828F5900C29D40 /* Sources */ = {
			isa = PBXSourcesBuildPhase;
			buildActionMask = 2147483647;
			files = (
				2DB787BA29828F5900C29D40 /* GetColorTests.swift in Sources */,
			);
			runOnlyForDeploymentPostprocessing = 0;
		};
		2DB787BB29828F5900C29D40 /* Sources */ = {
			isa = PBXSourcesBuildPhase;
			buildActionMask = 2147483647;
			files = (
				2DB787C629828F5900C29D40 /* GetColorUITestsLaunchTests.swift in Sources */,
				2DB787C429828F5900C29D40 /* GetColorUITests.swift in Sources */,
			);
			runOnlyForDeploymentPostprocessing = 0;
		};
/* End PBXSourcesBuildPhase section */

/* Begin PBXTargetDependency section */
		2DB787B729828F5900C29D40 /* PBXTargetDependency */ = {
			isa = PBXTargetDependency;
			target = 2DB7879E29828F5700C29D40 /* GetColor */;
			targetProxy = 2DB787B629828F5900C29D40 /* PBXContainerItemProxy */;
		};
		2DB787C129828F5900C29D40 /* PBXTargetDependency */ = {
			isa = PBXTargetDependency;
			target = 2DB7879E29828F5700C29D40 /* GetColor */;
			targetProxy = 2DB787C029828F5900C29D40 /* PBXContainerItemProxy */;
		};
/* End PBXTargetDependency section */

/* Begin PBXVariantGroup section */
		2DB787A829828F5700C29D40 /* Main.storyboard */ = {
			isa = PBXVariantGroup;
			children = (
				2DB787A929828F5700C29D40 /* Base */,
			);
			name = Main.storyboard;
			sourceTree = "<group>";
		};
		2DB787AD29828F5900C29D40 /* LaunchScreen.storyboard */ = {
			isa = PBXVariantGroup;
			children = (
				2DB787AE29828F5900C29D40 /* Base */,
			);
			name = LaunchScreen.storyboard;
			sourceTree = "<group>";
		};
/* End PBXVariantGroup section */

/* Begin XCBuildConfiguration section */
		2DB787C729828F5900C29D40 /* Debug */ = {
			isa = XCBuildConfiguration;
			buildSettings = {
				ALWAYS_SEARCH_USER_PATHS = NO;
				CLANG_ANALYZER_NONNULL = YES;
				CLANG_ANALYZER_NUMBER_OBJECT_CONVERSION = YES_AGGRESSIVE;
				CLANG_CXX_LANGUAGE_STANDARD = "gnu++20";
				CLANG_ENABLE_MODULES = YES;
				CLANG_ENABLE_OBJC_ARC = YES;
				CLANG_ENABLE_OBJC_WEAK = YES;
				CLANG_WARN_BLOCK_CAPTURE_AUTORELEASING = YES;
				CLANG_WARN_BOOL_CONVERSION = YES;
				CLANG_WARN_COMMA = YES;
				CLANG_WARN_CONSTANT_CONVERSION = YES;
				CLANG_WARN_DEPRECATED_OBJC_IMPLEMENTATIONS = YES;
				CLANG_WARN_DIRECT_OBJC_ISA_USAGE = YES_ERROR;
				CLANG_WARN_DOCUMENTATION_COMMENTS = YES;
				CLANG_WARN_EMPTY_BODY = YES;
				CLANG_WARN_ENUM_CONVERSION = YES;
				CLANG_WARN_INFINITE_RECURSION = YES;
				CLANG_WARN_INT_CONVERSION = YES;
				CLANG_WARN_NON_LITERAL_NULL_CONVERSION = YES;
				CLANG_WARN_OBJC_IMPLICIT_RETAIN_SELF = YES;
				CLANG_WARN_OBJC_LITERAL_CONVERSION = YES;
				CLANG_WARN_OBJC_ROOT_CLASS = YES_ERROR;
				CLANG_WARN_QUOTED_INCLUDE_IN_FRAMEWORK_HEADER = YES;
				CLANG_WARN_RANGE_LOOP_ANALYSIS = YES;
				CLANG_WARN_STRICT_PROTOTYPES = YES;
				CLANG_WARN_SUSPICIOUS_MOVE = YES;
				CLANG_WARN_UNGUARDED_AVAILABILITY = YES_AGGRESSIVE;
				CLANG_WARN_UNREACHABLE_CODE = YES;
				CLANG_WARN__DUPLICATE_METHOD_MATCH = YES;
				CODE_SIGN_IDENTITY = "iPhone Developer";
				COPY_PHASE_STRIP = NO;
				DEBUG_INFORMATION_FORMAT = dwarf;
				ENABLE_STRICT_OBJC_MSGSEND = YES;
				ENABLE_TESTABILITY = YES;
				GCC_C_LANGUAGE_STANDARD = gnu11;
				GCC_DYNAMIC_NO_PIC = NO;
				GCC_NO_COMMON_BLOCKS = YES;
				GCC_OPTIMIZATION_LEVEL = 0;
				GCC_PREPROCESSOR_DEFINITIONS = (
					"DEBUG=1",
					"$(inherited)",
				);
				GCC_WARN_64_TO_32_BIT_CONVERSION = YES;
				GCC_WARN_ABOUT_RETURN_TYPE = YES_ERROR;
				GCC_WARN_UNDECLARED_SELECTOR = YES;
				GCC_WARN_UNINITIALIZED_AUTOS = YES_AGGRESSIVE;
				GCC_WARN_UNUSED_FUNCTION = YES;
				GCC_WARN_UNUSED_VARIABLE = YES;
				IPHONEOS_DEPLOYMENT_TARGET = 15.0;
				MTL_ENABLE_DEBUG_INFO = INCLUDE_SOURCE;
				MTL_FAST_MATH = YES;
				ONLY_ACTIVE_ARCH = YES;
				SDKROOT = iphoneos;
				SWIFT_ACTIVE_COMPILATION_CONDITIONS = DEBUG;
				SWIFT_OPTIMIZATION_LEVEL = "-Onone";
			};
			name = Debug;
		};
		2DB787C829828F5900C29D40 /* Release */ = {
			isa = XCBuildConfiguration;
			buildSettings = {
				ALWAYS_SEARCH_USER_PATHS = NO;
				CLANG_ANALYZER_NONNULL = YES;
				CLANG_ANALYZER_NUMBER_OBJECT_CONVERSION = YES_AGGRESSIVE;
				CLANG_CXX_LANGUAGE_STANDARD = "gnu++20";
				CLANG_ENABLE_MODULES = YES;
				CLANG_ENABLE_OBJC_ARC = YES;
				CLANG_ENABLE_OBJC_WEAK = YES;
				CLANG_WARN_BLOCK_CAPTURE_AUTORELEASING = YES;
				CLANG_WARN_BOOL_CONVERSION = YES;
				CLANG_WARN_COMMA = YES;
				CLANG_WARN_CONSTANT_CONVERSION = YES;
				CLANG_WARN_DEPRECATED_OBJC_IMPLEMENTATIONS = YES;
				CLANG_WARN_DIRECT_OBJC_ISA_USAGE = YES_ERROR;
				CLANG_WARN_DOCUMENTATION_COMMENTS = YES;
				CLANG_WARN_EMPTY_BODY = YES;
				CLANG_WARN_ENUM_CONVERSION = YES;
				CLANG_WARN_INFINITE_RECURSION = YES;
				CLANG_WARN_INT_CONVERSION = YES;
				CLANG_WARN_NON_LITERAL_NULL_CONVERSION = YES;
				CLANG_WARN_OBJC_IMPLICIT_RETAIN_SELF = YES;
				CLANG_WARN_OBJC_LITERAL_CONVERSION = YES;
				CLANG_WARN_OBJC_ROOT_CLASS = YES_ERROR;
				CLANG_WARN_QUOTED_INCLUDE_IN_FRAMEWORK_HEADER = YES;
				CLANG_WARN_RANGE_LOOP_ANALYSIS = YES;
				CLANG_WARN_STRICT_PROTOTYPES = YES;
				CLANG_WARN_SUSPICIOUS_MOVE = YES;
				CLANG_WARN_UNGUARDED_AVAILABILITY = YES_AGGRESSIVE;
				CLANG_WARN_UNREACHABLE_CODE = YES;
				CLANG_WARN__DUPLICATE_METHOD_MATCH = YES;
				CODE_SIGN_IDENTITY = "iPhone Developer";
				COPY_PHASE_STRIP = NO;
				DEBUG_INFORMATION_FORMAT = "dwarf-with-dsym";
				ENABLE_NS_ASSERTIONS = NO;
				ENABLE_STRICT_OBJC_MSGSEND = YES;
				GCC_C_LANGUAGE_STANDARD = gnu11;
				GCC_NO_COMMON_BLOCKS = YES;
				GCC_WARN_64_TO_32_BIT_CONVERSION = YES;
				GCC_WARN_ABOUT_RETURN_TYPE = YES_ERROR;
				GCC_WARN_UNDECLARED_SELECTOR = YES;
				GCC_WARN_UNINITIALIZED_AUTOS = YES_AGGRESSIVE;
				GCC_WARN_UNUSED_FUNCTION = YES;
				GCC_WARN_UNUSED_VARIABLE = YES;
				IPHONEOS_DEPLOYMENT_TARGET = 15.0;
				MTL_ENABLE_DEBUG_INFO = NO;
				MTL_FAST_MATH = YES;
				SDKROOT = iphoneos;
				SWIFT_COMPILATION_MODE = wholemodule;
				SWIFT_OPTIMIZATION_LEVEL = "-O";
				VALIDATE_PRODUCT = YES;
			};
			name = Release;
		};
		2DB787CA29828F5900C29D40 /* Debug */ = {
			isa = XCBuildConfiguration;
			buildSettings = {
				ASSETCATALOG_COMPILER_APPICON_NAME = AppIcon;
				ASSETCATALOG_COMPILER_GLOBAL_ACCENT_COLOR_NAME = AccentColor;
				CODE_SIGN_ENTITLEMENTS = GetColor/GetColorDebug.entitlements;
				CODE_SIGN_IDENTITY = "iPhone Developer";
				CODE_SIGN_INJECT_BASE_ENTITLEMENTS = NO;
				CODE_SIGN_STYLE = Automatic;
				CURRENT_PROJECT_VERSION = 1;
				DEVELOPMENT_TEAM = XBGLT7797B;
				EXCLUDED_ARCHS = "i386 arm64";
				GENERATE_INFOPLIST_FILE = YES;
				INFOPLIST_FILE = GetColor/Info.plist;
				INFOPLIST_KEY_LSApplicationCategoryType = "public.app-category.medical";
				INFOPLIST_KEY_NSCameraUsageDescription = "use camera";
				INFOPLIST_KEY_UIApplicationSupportsIndirectInputEvents = YES;
				INFOPLIST_KEY_UILaunchStoryboardName = LaunchScreen;
				INFOPLIST_KEY_UIMainStoryboardFile = Main;
				INFOPLIST_KEY_UISupportedInterfaceOrientations_iPad = "UIInterfaceOrientationPortrait UIInterfaceOrientationPortraitUpsideDown UIInterfaceOrientationLandscapeLeft UIInterfaceOrientationLandscapeRight";
				INFOPLIST_KEY_UISupportedInterfaceOrientations_iPhone = "UIInterfaceOrientationPortrait UIInterfaceOrientationLandscapeLeft UIInterfaceOrientationLandscapeRight";
				INFOPLIST_KEY_UISupportsDocumentBrowser = YES;
				LD_RUNPATH_SEARCH_PATHS = (
					"$(inherited)",
					"@executable_path/Frameworks",
				);
				MARKETING_VERSION = 1.0;
				PRODUCT_BUNDLE_IDENTIFIER = huonglam.HeartBeat;
				PRODUCT_NAME = "$(TARGET_NAME)";
				PROVISIONING_PROFILE_SPECIFIER = "";
				SWIFT_EMIT_LOC_STRINGS = YES;
				SWIFT_VERSION = 5.0;
				TARGETED_DEVICE_FAMILY = "1,2";
			};
			name = Debug;
		};
		2DB787CB29828F5900C29D40 /* Release */ = {
			isa = XCBuildConfiguration;
			buildSettings = {
				ASSETCATALOG_COMPILER_APPICON_NAME = AppIcon;
				ASSETCATALOG_COMPILER_GLOBAL_ACCENT_COLOR_NAME = AccentColor;
				CODE_SIGN_IDENTITY = "iPhone Developer";
				CODE_SIGN_INJECT_BASE_ENTITLEMENTS = NO;
				CODE_SIGN_STYLE = Automatic;
				CURRENT_PROJECT_VERSION = 1;
				DEVELOPMENT_TEAM = XBGLT7797B;
				EXCLUDED_ARCHS = "i386 arm64";
				GENERATE_INFOPLIST_FILE = YES;
				INFOPLIST_FILE = GetColor/Info.plist;
				INFOPLIST_KEY_LSApplicationCategoryType = "public.app-category.medical";
				INFOPLIST_KEY_NSCameraUsageDescription = "use camera";
				INFOPLIST_KEY_UIApplicationSupportsIndirectInputEvents = YES;
				INFOPLIST_KEY_UILaunchStoryboardName = LaunchScreen;
				INFOPLIST_KEY_UIMainStoryboardFile = Main;
				INFOPLIST_KEY_UISupportedInterfaceOrientations_iPad = "UIInterfaceOrientationPortrait UIInterfaceOrientationPortraitUpsideDown UIInterfaceOrientationLandscapeLeft UIInterfaceOrientationLandscapeRight";
				INFOPLIST_KEY_UISupportedInterfaceOrientations_iPhone = "UIInterfaceOrientationPortrait UIInterfaceOrientationLandscapeLeft UIInterfaceOrientationLandscapeRight";
				INFOPLIST_KEY_UISupportsDocumentBrowser = YES;
				LD_RUNPATH_SEARCH_PATHS = (
					"$(inherited)",
					"@executable_path/Frameworks",
				);
				MARKETING_VERSION = 1.0;
				PRODUCT_BUNDLE_IDENTIFIER = huonglam.GetColor;
				PRODUCT_NAME = "$(TARGET_NAME)";
				PROVISIONING_PROFILE_SPECIFIER = "";
				SWIFT_EMIT_LOC_STRINGS = YES;
				SWIFT_VERSION = 5.0;
				TARGETED_DEVICE_FAMILY = "1,2";
			};
			name = Release;
		};
		2DB787CD29828F5900C29D40 /* Debug */ = {
			isa = XCBuildConfiguration;
			buildSettings = {
				ALWAYS_EMBED_SWIFT_STANDARD_LIBRARIES = YES;
				BUNDLE_LOADER = "$(TEST_HOST)";
				CODE_SIGN_STYLE = Automatic;
				CURRENT_PROJECT_VERSION = 1;
				DEVELOPMENT_TEAM = Q2A2DTV2D2;
				GENERATE_INFOPLIST_FILE = YES;
				IPHONEOS_DEPLOYMENT_TARGET = 16.1;
				MARKETING_VERSION = 1.0;
				PRODUCT_BUNDLE_IDENTIFIER = huonglam.GetColorTests;
				PRODUCT_NAME = "$(TARGET_NAME)";
				SWIFT_EMIT_LOC_STRINGS = NO;
				SWIFT_VERSION = 5.0;
				TARGETED_DEVICE_FAMILY = "1,2";
				TEST_HOST = "$(BUILT_PRODUCTS_DIR)/GetColor.app/$(BUNDLE_EXECUTABLE_FOLDER_PATH)/GetColor";
			};
			name = Debug;
		};
		2DB787CE29828F5900C29D40 /* Release */ = {
			isa = XCBuildConfiguration;
			buildSettings = {
				ALWAYS_EMBED_SWIFT_STANDARD_LIBRARIES = YES;
				BUNDLE_LOADER = "$(TEST_HOST)";
				CODE_SIGN_STYLE = Automatic;
				CURRENT_PROJECT_VERSION = 1;
				DEVELOPMENT_TEAM = Q2A2DTV2D2;
				GENERATE_INFOPLIST_FILE = YES;
				IPHONEOS_DEPLOYMENT_TARGET = 16.1;
				MARKETING_VERSION = 1.0;
				PRODUCT_BUNDLE_IDENTIFIER = huonglam.GetColorTests;
				PRODUCT_NAME = "$(TARGET_NAME)";
				SWIFT_EMIT_LOC_STRINGS = NO;
				SWIFT_VERSION = 5.0;
				TARGETED_DEVICE_FAMILY = "1,2";
				TEST_HOST = "$(BUILT_PRODUCTS_DIR)/GetColor.app/$(BUNDLE_EXECUTABLE_FOLDER_PATH)/GetColor";
			};
			name = Release;
		};
		2DB787D029828F5900C29D40 /* Debug */ = {
			isa = XCBuildConfiguration;
			buildSettings = {
				ALWAYS_EMBED_SWIFT_STANDARD_LIBRARIES = YES;
				CODE_SIGN_STYLE = Automatic;
				CURRENT_PROJECT_VERSION = 1;
				DEVELOPMENT_TEAM = Q2A2DTV2D2;
				GENERATE_INFOPLIST_FILE = YES;
				MARKETING_VERSION = 1.0;
				PRODUCT_BUNDLE_IDENTIFIER = huonglam.GetColorUITests;
				PRODUCT_NAME = "$(TARGET_NAME)";
				SWIFT_EMIT_LOC_STRINGS = NO;
				SWIFT_VERSION = 5.0;
				TARGETED_DEVICE_FAMILY = "1,2";
				TEST_TARGET_NAME = GetColor;
			};
			name = Debug;
		};
		2DB787D129828F5900C29D40 /* Release */ = {
			isa = XCBuildConfiguration;
			buildSettings = {
				ALWAYS_EMBED_SWIFT_STANDARD_LIBRARIES = YES;
				CODE_SIGN_STYLE = Automatic;
				CURRENT_PROJECT_VERSION = 1;
				DEVELOPMENT_TEAM = Q2A2DTV2D2;
				GENERATE_INFOPLIST_FILE = YES;
				MARKETING_VERSION = 1.0;
				PRODUCT_BUNDLE_IDENTIFIER = huonglam.GetColorUITests;
				PRODUCT_NAME = "$(TARGET_NAME)";
				SWIFT_EMIT_LOC_STRINGS = NO;
				SWIFT_VERSION = 5.0;
				TARGETED_DEVICE_FAMILY = "1,2";
				TEST_TARGET_NAME = GetColor;
			};
			name = Release;
		};
/* End XCBuildConfiguration section */

/* Begin XCConfigurationList section */
		2DB7879A29828F5700C29D40 /* Build configuration list for PBXProject "GetColor" */ = {
			isa = XCConfigurationList;
			buildConfigurations = (
				2DB787C729828F5900C29D40 /* Debug */,
				2DB787C829828F5900C29D40 /* Release */,
			);
			defaultConfigurationIsVisible = 0;
			defaultConfigurationName = Release;
		};
		2DB787C929828F5900C29D40 /* Build configuration list for PBXNativeTarget "GetColor" */ = {
			isa = XCConfigurationList;
			buildConfigurations = (
				2DB787CA29828F5900C29D40 /* Debug */,
				2DB787CB29828F5900C29D40 /* Release */,
			);
			defaultConfigurationIsVisible = 0;
			defaultConfigurationName = Release;
		};
		2DB787CC29828F5900C29D40 /* Build configuration list for PBXNativeTarget "GetColorTests" */ = {
			isa = XCConfigurationList;
			buildConfigurations = (
				2DB787CD29828F5900C29D40 /* Debug */,
				2DB787CE29828F5900C29D40 /* Release */,
			);
			defaultConfigurationIsVisible = 0;
			defaultConfigurationName = Release;
		};
		2DB787CF29828F5900C29D40 /* Build configuration list for PBXNativeTarget "GetColorUITests" */ = {
			isa = XCConfigurationList;
			buildConfigurations = (
				2DB787D029828F5900C29D40 /* Debug */,
				2DB787D129828F5900C29D40 /* Release */,
			);
			defaultConfigurationIsVisible = 0;
			defaultConfigurationName = Release;
		};
/* End XCConfigurationList section */

/* Begin XCRemoteSwiftPackageReference section */
		2D97CFD32A780BB400217A8C /* XCRemoteSwiftPackageReference "JGProgressHUD" */ = {
			isa = XCRemoteSwiftPackageReference;
			repositoryURL = "https://github.com/JonasGessner/JGProgressHUD.git";
			requirement = {
				kind = upToNextMajorVersion;
				minimumVersion = 2.0.0;
			};
		};
		2D97CFD72A7810A500217A8C /* XCRemoteSwiftPackageReference "GoogleSignIn-iOS" */ = {
			isa = XCRemoteSwiftPackageReference;
			repositoryURL = "https://github.com/google/GoogleSignIn-iOS";
			requirement = {
				kind = upToNextMajorVersion;
				minimumVersion = 7.0.0;
			};
		};
		2D97CFDF2A794A2800217A8C /* XCRemoteSwiftPackageReference "NKVPhonePicker" */ = {
			isa = XCRemoteSwiftPackageReference;
			repositoryURL = "https://github.com/NikKovIos/NKVPhonePicker.git";
			requirement = {
				kind = upToNextMajorVersion;
				minimumVersion = 2.0.0;
			};
		};
		2D97CFE22A794C7F00217A8C /* XCRemoteSwiftPackageReference "CountryPicker" */ = {
			isa = XCRemoteSwiftPackageReference;
			repositoryURL = "https://github.com/mobven/CountryPicker.git";
			requirement = {
				kind = upToNextMajorVersion;
				minimumVersion = 2.0.0;
			};
		};
		2DE667512A74F970005E1AB5 /* XCRemoteSwiftPackageReference "firebase-ios-sdk" */ = {
			isa = XCRemoteSwiftPackageReference;
			repositoryURL = "https://github.com/firebase/firebase-ios-sdk";
			requirement = {
				kind = upToNextMajorVersion;
				minimumVersion = 10.0.0;
			};
		};
		2DFD2B582A76A32A000DDF02 /* XCRemoteSwiftPackageReference "PhoneNumberKit" */ = {
			isa = XCRemoteSwiftPackageReference;
			repositoryURL = "https://github.com/marmelroy/PhoneNumberKit.git";
			requirement = {
				kind = upToNextMajorVersion;
				minimumVersion = 3.0.0;
			};
		};
/* End XCRemoteSwiftPackageReference section */

/* Begin XCSwiftPackageProductDependency section */
		2D97CFD42A780BB400217A8C /* JGProgressHUD */ = {
			isa = XCSwiftPackageProductDependency;
			package = 2D97CFD32A780BB400217A8C /* XCRemoteSwiftPackageReference "JGProgressHUD" */;
			productName = JGProgressHUD;
		};
		2D97CFD82A7810A600217A8C /* GoogleSignIn */ = {
			isa = XCSwiftPackageProductDependency;
			package = 2D97CFD72A7810A500217A8C /* XCRemoteSwiftPackageReference "GoogleSignIn-iOS" */;
			productName = GoogleSignIn;
		};
		2D97CFDA2A7810A600217A8C /* GoogleSignInSwift */ = {
			isa = XCSwiftPackageProductDependency;
			package = 2D97CFD72A7810A500217A8C /* XCRemoteSwiftPackageReference "GoogleSignIn-iOS" */;
			productName = GoogleSignInSwift;
		};
		2D97CFE02A794A2800217A8C /* NKVPhonePicker */ = {
			isa = XCSwiftPackageProductDependency;
			package = 2D97CFDF2A794A2800217A8C /* XCRemoteSwiftPackageReference "NKVPhonePicker" */;
			productName = NKVPhonePicker;
		};
		2D97CFE32A794C7F00217A8C /* CountryPicker */ = {
			isa = XCSwiftPackageProductDependency;
			package = 2D97CFE22A794C7F00217A8C /* XCRemoteSwiftPackageReference "CountryPicker" */;
			productName = CountryPicker;
		};
		2DE667522A74F970005E1AB5 /* FirebaseAnalytics */ = {
			isa = XCSwiftPackageProductDependency;
			package = 2DE667512A74F970005E1AB5 /* XCRemoteSwiftPackageReference "firebase-ios-sdk" */;
			productName = FirebaseAnalytics;
		};
		2DE667542A74F970005E1AB5 /* FirebaseAuth */ = {
			isa = XCSwiftPackageProductDependency;
			package = 2DE667512A74F970005E1AB5 /* XCRemoteSwiftPackageReference "firebase-ios-sdk" */;
			productName = FirebaseAuth;
		};
		2DE667562A74F970005E1AB5 /* FirebaseCrashlytics */ = {
			isa = XCSwiftPackageProductDependency;
			package = 2DE667512A74F970005E1AB5 /* XCRemoteSwiftPackageReference "firebase-ios-sdk" */;
			productName = FirebaseCrashlytics;
		};
		2DE667582A74F970005E1AB5 /* FirebaseStorage */ = {
			isa = XCSwiftPackageProductDependency;
			package = 2DE667512A74F970005E1AB5 /* XCRemoteSwiftPackageReference "firebase-ios-sdk" */;
			productName = FirebaseStorage;
		};
		2DFD2B592A76A32A000DDF02 /* PhoneNumberKit */ = {
			isa = XCSwiftPackageProductDependency;
			package = 2DFD2B582A76A32A000DDF02 /* XCRemoteSwiftPackageReference "PhoneNumberKit" */;
			productName = PhoneNumberKit;
		};
/* End XCSwiftPackageProductDependency section */
	};
	rootObject = 2DB7879729828F5700C29D40 /* Project object */;
}
